
Microsoft Visual Studio Solution File, Format Version 12.00
# Visual Studio Version 16
VisualStudioVersion = 16.0.31911.196
MinimumVisualStudioVersion = 10.0.40219.1
Project("{FAE04EC0-301F-11D3-BF4B-00C04F79EFBC}") = "TestXamarin.Android", "TestXamarin\TestXamarin.Android\TestXamarin.Android.csproj", "{FEFA48B9-25F2-438C-A39D-E239B7865979}"
EndProject
Project("{FAE04EC0-301F-11D3-BF4B-00C04F79EFBC}") = "TestXamarin.iOS", "TestXamarin\TestXamarin.iOS\TestXamarin.iOS.csproj", "{C6A673B6-9F4E-424C-9319-13DF01984F59}"
EndProject
Project("{9A19103F-16F7-4668-BE54-9A1E7A4F7556}") = "TestXamarin", "TestXamarin\TestXamarin\TestXamarin.csproj", "{43B3ADDB-9B4D-4A88-9F32-4C015204D98F}"
EndProject
Global
	GlobalSection(SolutionConfigurationPlatforms) = preSolution
		Debug|Any CPU = Debug|Any CPU
		Debug|iPhone = Debug|iPhone
		Debug|iPhoneSimulator = Debug|iPhoneSimulator
		Release|Any CPU = Release|Any CPU
		Release|iPhone = Release|iPhone
		Release|iPhoneSimulator = Release|iPhoneSimulator
	EndGlobalSection
	GlobalSection(ProjectConfigurationPlatforms) = postSolution
		{FEFA48B9-25F2-438C-A39D-E239B7865979}.Debug|Any CPU.ActiveCfg = Debug|Any CPU
		{FEFA48B9-25F2-438C-A39D-E239B7865979}.Debug|Any CPU.Build.0 = Debug|Any CPU
		{FEFA48B9-25F2-438C-A39D-E239B7865979}.Debug|Any CPU.Deploy.0 = Debug|Any CPU
		{FEFA48B9-25F2-438C-A39D-E239B7865979}.Debug|iPhone.ActiveCfg = Debug|Any CPU
		{FEFA48B9-25F2-438C-A39D-E239B7865979}.Debug|iPhone.Build.0 = Debug|Any CPU
		{FEFA48B9-25F2-438C-A39D-E239B7865979}.Debug|iPhone.Deploy.0 = Debug|Any CPU
		{FEFA48B9-25F2-438C-A39D-E239B7865979}.Debug|iPhoneSimulator.ActiveCfg = Debug|Any CPU
		{FEFA48B9-25F2-438C-A39D-E239B7865979}.Debug|iPhoneSimulator.Build.0 = Debug|Any CPU
		{FEFA48B9-25F2-438C-A39D-E239B7865979}.Debug|iPhoneSimulator.Deploy.0 = Debug|Any CPU
		{FEFA48B9-25F2-438C-A39D-E239B7865979}.Release|Any CPU.ActiveCfg = Release|Any CPU
		{FEFA48B9-25F2-438C-A39D-E239B7865979}.Release|Any CPU.Build.0 = Release|Any CPU
		{FEFA48B9-25F2-438C-A39D-E239B7865979}.Release|Any CPU.Deploy.0 = Release|Any CPU
		{FEFA48B9-25F2-438C-A39D-E239B7865979}.Release|iPhone.ActiveCfg = Release|Any CPU
		{FEFA48B9-25F2-438C-A39D-E239B7865979}.Release|iPhone.Build.0 = Release|Any CPU
		{FEFA48B9-25F2-438C-A39D-E239B7865979}.Release|iPhone.Deploy.0 = Release|Any CPU
		{FEFA48B9-25F2-438C-A39D-E239B7865979}.Release|iPhoneSimulator.ActiveCfg = Release|Any CPU
		{FEFA48B9-25F2-438C-A39D-E239B7865979}.Release|iPhoneSimulator.Build.0 = Release|Any CPU
		{FEFA48B9-25F2-438C-A39D-E239B7865979}.Release|iPhoneSimulator.Deploy.0 = Release|Any CPU
		{C6A673B6-9F4E-424C-9319-13DF01984F59}.Debug|Any CPU.ActiveCfg = Debug|iPhone
		{C6A673B6-9F4E-424C-9319-13DF01984F59}.Debug|Any CPU.Build.0 = Debug|iPhone
		{C6A673B6-9F4E-424C-9319-13DF01984F59}.Debug|Any CPU.Deploy.0 = Debug|iPhone
		{C6A673B6-9F4E-424C-9319-13DF01984F59}.Debug|iPhone.ActiveCfg = Debug|iPhone
		{C6A673B6-9F4E-424C-9319-13DF01984F59}.Debug|iPhone.Build.0 = Debug|iPhone
		{C6A673B6-9F4E-424C-9319-13DF01984F59}.Debug|iPhone.Deploy.0 = Debug|iPhone
		{C6A673B6-9F4E-424C-9319-13DF01984F59}.Debug|iPhoneSimulator.ActiveCfg = Debug|iPhoneSimulator
		{C6A673B6-9F4E-424C-9319-13DF01984F59}.Debug|iPhoneSimulator.Build.0 = Debug|iPhoneSimulator
		{C6A673B6-9F4E-424C-9319-13DF01984F59}.Debug|iPhoneSimulator.Deploy.0 = Debug|iPhoneSimulator
		{C6A673B6-9F4E-424C-9319-13DF01984F59}.Release|Any CPU.ActiveCfg = Release|iPhoneSimulator
		{C6A673B6-9F4E-424C-9319-13DF01984F59}.Release|Any CPU.Build.0 = Release|iPhoneSimulator
		{C6A673B6-9F4E-424C-9319-13DF01984F59}.Release|Any CPU.Deploy.0 = Release|iPhoneSimulator
		{C6A673B6-9F4E-424C-9319-13DF01984F59}.Release|iPhone.ActiveCfg = Release|iPhone
		{C6A673B6-9F4E-424C-9319-13DF01984F59}.Release|iPhone.Build.0 = Release|iPhone
		{C6A673B6-9F4E-424C-9319-13DF01984F59}.Release|iPhone.Deploy.0 = Release|iPhone
		{C6A673B6-9F4E-424C-9319-13DF01984F59}.Release|iPhoneSimulator.ActiveCfg = Release|iPhoneSimulator
		{C6A673B6-9F4E-424C-9319-13DF01984F59}.Release|iPhoneSimulator.Build.0 = Release|iPhoneSimulator
		{C6A673B6-9F4E-424C-9319-13DF01984F59}.Release|iPhoneSimulator.Deploy.0 = Release|iPhoneSimulator
		{43B3ADDB-9B4D-4A88-9F32-4C015204D98F}.Debug|Any CPU.ActiveCfg = Debug|Any CPU
		{43B3ADDB-9B4D-4A88-9F32-4C015204D98F}.Debug|Any CPU.Build.0 = Debug|Any CPU
		{43B3ADDB-9B4D-4A88-9F32-4C015204D98F}.Debug|Any CPU.Deploy.0 = Debug|Any CPU
		{43B3ADDB-9B4D-4A88-9F32-4C015204D98F}.Debug|iPhone.ActiveCfg = Debug|Any CPU
		{43B3ADDB-9B4D-4A88-9F32-4C015204D98F}.Debug|iPhone.Build.0 = Debug|Any CPU
		{43B3ADDB-9B4D-4A88-9F32-4C015204D98F}.Debug|iPhone.Deploy.0 = Debug|Any CPU
		{43B3ADDB-9B4D-4A88-9F32-4C015204D98F}.Debug|iPhoneSimulator.ActiveCfg = Debug|Any CPU
		{43B3ADDB-9B4D-4A88-9F32-4C015204D98F}.Debug|iPhoneSimulator.Build.0 = Debug|Any CPU
		{43B3ADDB-9B4D-4A88-9F32-4C015204D98F}.Debug|iPhoneSimulator.Deploy.0 = Debug|Any CPU
		{43B3ADDB-9B4D-4A88-9F32-4C015204D98F}.Release|Any CPU.ActiveCfg = Release|Any CPU
		{43B3ADDB-9B4D-4A88-9F32-4C015204D98F}.Release|Any CPU.Build.0 = Release|Any CPU
		{43B3ADDB-9B4D-4A88-9F32-4C015204D98F}.Release|Any CPU.Deploy.0 = Release|Any CPU
		{43B3ADDB-9B4D-4A88-9F32-4C015204D98F}.Release|iPhone.ActiveCfg = Release|Any CPU
		{43B3ADDB-9B4D-4A88-9F32-4C015204D98F}.Release|iPhone.Build.0 = Release|Any CPU
		{43B3ADDB-9B4D-4A88-9F32-4C015204D98F}.Release|iPhone.Deploy.0 = Release|Any CPU
		{43B3ADDB-9B4D-4A88-9F32-4C015204D98F}.Release|iPhoneSimulator.ActiveCfg = Release|Any CPU
		{43B3ADDB-9B4D-4A88-9F32-4C015204D98F}.Release|iPhoneSimulator.Build.0 = Release|Any CPU
		{43B3ADDB-9B4D-4A88-9F32-4C015204D98F}.Release|iPhoneSimulator.Deploy.0 = Release|Any CPU
	EndGlobalSection
	GlobalSection(SolutionProperties) = preSolution
		HideSolutionNode = FALSE
	EndGlobalSection
	GlobalSection(ExtensibilityGlobals) = postSolution
		SolutionGuid = {308C443D-56EE-4BD3-9616-D13DD2CF1D60}
	EndGlobalSection
EndGlobal
